
Microsoft Visual Studio Solution File, Format Version 12.00
# Visual Studio Version 17
VisualStudioVersion = 17.8.34309.116
MinimumVisualStudioVersion = 10.0.40219.1
Project("{FAE04EC0-301F-11D3-BF4B-00C04F79EFBC}") = "ControlWork9", "ControlWork9\ControlWork9.csproj", "{451F5CF1-59CE-4029-BF7F-026664A04DE3}"
EndProject
Global
	GlobalSection(SolutionConfigurationPlatforms) = preSolution
		Debug|Any CPU = Debug|Any CPU
		Release|Any CPU = Release|Any CPU
	EndGlobalSection
	GlobalSection(ProjectConfigurationPlatforms) = postSolution
		{451F5CF1-59CE-4029-BF7F-026664A04DE3}.Debug|Any CPU.ActiveCfg = Debug|Any CPU
		{451F5CF1-59CE-4029-BF7F-026664A04DE3}.Debug|Any CPU.Build.0 = Debug|Any CPU
		{451F5CF1-59CE-4029-BF7F-026664A04DE3}.Release|Any CPU.ActiveCfg = Release|Any CPU
		{451F5CF1-59CE-4029-BF7F-026664A04DE3}.Release|Any CPU.Build.0 = Release|Any CPU
	EndGlobalSection
	GlobalSection(SolutionProperties) = preSolution
		HideSolutionNode = FALSE
	EndGlobalSection
	GlobalSection(ExtensibilityGlobals) = postSolution
		SolutionGuid = {482E9284-1D8B-427C-9523-D2C19DF7B2CB}
	EndGlobalSection
EndGlobal
